
Microsoft Visual Studio Solution File, Format Version 12.00
# Visual Studio Version 16
VisualStudioVersion = 16.0.32228.343
MinimumVisualStudioVersion = 10.0.40219.1
Project("{FAE04EC0-301F-11D3-BF4B-00C04F79EFBC}") = "Delegates2", "Delegates2\Delegates2.csproj", "{8FCBD691-8446-4779-9E66-DF4DE2100FDF}"
EndProject
Global
	GlobalSection(SolutionConfigurationPlatforms) = preSolution
		Debug|Any CPU = Debug|Any CPU
		Release|Any CPU = Release|Any CPU
	EndGlobalSection
	GlobalSection(ProjectConfigurationPlatforms) = postSolution
		{8FCBD691-8446-4779-9E66-DF4DE2100FDF}.Debug|Any CPU.ActiveCfg = Debug|Any CPU
		{8FCBD691-8446-4779-9E66-DF4DE2100FDF}.Debug|Any CPU.Build.0 = Debug|Any CPU
		{8FCBD691-8446-4779-9E66-DF4DE2100FDF}.Release|Any CPU.ActiveCfg = Release|Any CPU
		{8FCBD691-8446-4779-9E66-DF4DE2100FDF}.Release|Any CPU.Build.0 = Release|Any CPU
	EndGlobalSection
	GlobalSection(SolutionProperties) = preSolution
		HideSolutionNode = FALSE
	EndGlobalSection
	GlobalSection(ExtensibilityGlobals) = postSolution
		SolutionGuid = {D6EC5C8F-42F8-476F-9A18-DD1FB1B99675}
	EndGlobalSection
EndGlobal
