
Microsoft Visual Studio Solution File, Format Version 12.00
# Visual Studio Version 16
VisualStudioVersion = 16.0.32228.343
MinimumVisualStudioVersion = 10.0.40219.1
Project("{FAE04EC0-301F-11D3-BF4B-00C04F79EFBC}") = "Lesson1", "Lesson1\Lesson1.csproj", "{9F4E5A67-A719-4147-954B-45D57D35643F}"
EndProject
Global
	GlobalSection(SolutionConfigurationPlatforms) = preSolution
		Debug|Any CPU = Debug|Any CPU
		Release|Any CPU = Release|Any CPU
	EndGlobalSection
	GlobalSection(ProjectConfigurationPlatforms) = postSolution
		{9F4E5A67-A719-4147-954B-45D57D35643F}.Debug|Any CPU.ActiveCfg = Debug|Any CPU
		{9F4E5A67-A719-4147-954B-45D57D35643F}.Debug|Any CPU.Build.0 = Debug|Any CPU
		{9F4E5A67-A719-4147-954B-45D57D35643F}.Release|Any CPU.ActiveCfg = Release|Any CPU
		{9F4E5A67-A719-4147-954B-45D57D35643F}.Release|Any CPU.Build.0 = Release|Any CPU
	EndGlobalSection
	GlobalSection(SolutionProperties) = preSolution
		HideSolutionNode = FALSE
	EndGlobalSection
	GlobalSection(ExtensibilityGlobals) = postSolution
		SolutionGuid = {33158641-400B-44D6-AC6E-013D42787731}
	EndGlobalSection
EndGlobal
