
Microsoft Visual Studio Solution File, Format Version 12.00
# Visual Studio Version 16
VisualStudioVersion = 16.0.32228.343
MinimumVisualStudioVersion = 10.0.40219.1
Project("{FAE04EC0-301F-11D3-BF4B-00C04F79EFBC}") = "Lesson4", "Lesson4\Lesson4.csproj", "{30961422-E0B5-480F-9CB6-AE86542CD6D1}"
EndProject
Global
	GlobalSection(SolutionConfigurationPlatforms) = preSolution
		Debug|Any CPU = Debug|Any CPU
		Release|Any CPU = Release|Any CPU
	EndGlobalSection
	GlobalSection(ProjectConfigurationPlatforms) = postSolution
		{30961422-E0B5-480F-9CB6-AE86542CD6D1}.Debug|Any CPU.ActiveCfg = Debug|Any CPU
		{30961422-E0B5-480F-9CB6-AE86542CD6D1}.Debug|Any CPU.Build.0 = Debug|Any CPU
		{30961422-E0B5-480F-9CB6-AE86542CD6D1}.Release|Any CPU.ActiveCfg = Release|Any CPU
		{30961422-E0B5-480F-9CB6-AE86542CD6D1}.Release|Any CPU.Build.0 = Release|Any CPU
	EndGlobalSection
	GlobalSection(SolutionProperties) = preSolution
		HideSolutionNode = FALSE
	EndGlobalSection
	GlobalSection(ExtensibilityGlobals) = postSolution
		SolutionGuid = {ADF02485-B4B1-4F55-8356-6ADBE983C391}
	EndGlobalSection
EndGlobal
