
Microsoft Visual Studio Solution File, Format Version 12.00
# Visual Studio Version 16
VisualStudioVersion = 16.0.32228.343
MinimumVisualStudioVersion = 10.0.40219.1
Project("{FAE04EC0-301F-11D3-BF4B-00C04F79EFBC}") = "Constructors", "Constructors\Constructors.csproj", "{D288D463-EF34-439E-9A9A-B6198736F66D}"
EndProject
Global
	GlobalSection(SolutionConfigurationPlatforms) = preSolution
		Debug|Any CPU = Debug|Any CPU
		Release|Any CPU = Release|Any CPU
	EndGlobalSection
	GlobalSection(ProjectConfigurationPlatforms) = postSolution
		{D288D463-EF34-439E-9A9A-B6198736F66D}.Debug|Any CPU.ActiveCfg = Debug|Any CPU
		{D288D463-EF34-439E-9A9A-B6198736F66D}.Debug|Any CPU.Build.0 = Debug|Any CPU
		{D288D463-EF34-439E-9A9A-B6198736F66D}.Release|Any CPU.ActiveCfg = Release|Any CPU
		{D288D463-EF34-439E-9A9A-B6198736F66D}.Release|Any CPU.Build.0 = Release|Any CPU
	EndGlobalSection
	GlobalSection(SolutionProperties) = preSolution
		HideSolutionNode = FALSE
	EndGlobalSection
	GlobalSection(ExtensibilityGlobals) = postSolution
		SolutionGuid = {A7F92A08-9F78-4EA9-AC86-8F24FBEF9093}
	EndGlobalSection
EndGlobal
