
Microsoft Visual Studio Solution File, Format Version 12.00
# Visual Studio Version 16
VisualStudioVersion = 16.0.32228.343
MinimumVisualStudioVersion = 10.0.40219.1
Project("{FAE04EC0-301F-11D3-BF4B-00C04F79EFBC}") = "Lesson12", "Lesson12\Lesson12.csproj", "{5B91DEC9-18BF-4AE7-974E-8684AE0D1248}"
EndProject
Global
	GlobalSection(SolutionConfigurationPlatforms) = preSolution
		Debug|Any CPU = Debug|Any CPU
		Release|Any CPU = Release|Any CPU
	EndGlobalSection
	GlobalSection(ProjectConfigurationPlatforms) = postSolution
		{5B91DEC9-18BF-4AE7-974E-8684AE0D1248}.Debug|Any CPU.ActiveCfg = Debug|Any CPU
		{5B91DEC9-18BF-4AE7-974E-8684AE0D1248}.Debug|Any CPU.Build.0 = Debug|Any CPU
		{5B91DEC9-18BF-4AE7-974E-8684AE0D1248}.Release|Any CPU.ActiveCfg = Release|Any CPU
		{5B91DEC9-18BF-4AE7-974E-8684AE0D1248}.Release|Any CPU.Build.0 = Release|Any CPU
	EndGlobalSection
	GlobalSection(SolutionProperties) = preSolution
		HideSolutionNode = FALSE
	EndGlobalSection
	GlobalSection(ExtensibilityGlobals) = postSolution
		SolutionGuid = {8C571C19-EB5C-494E-A958-92661B914785}
	EndGlobalSection
EndGlobal
