
Microsoft Visual Studio Solution File, Format Version 12.00
# Visual Studio Version 16
VisualStudioVersion = 16.0.32228.343
MinimumVisualStudioVersion = 10.0.40219.1
Project("{FAE04EC0-301F-11D3-BF4B-00C04F79EFBC}") = "Interfaces", "Interfaces\Interfaces.csproj", "{A369DD13-4FFE-452A-8CB1-D73647765841}"
EndProject
Global
	GlobalSection(SolutionConfigurationPlatforms) = preSolution
		Debug|Any CPU = Debug|Any CPU
		Release|Any CPU = Release|Any CPU
	EndGlobalSection
	GlobalSection(ProjectConfigurationPlatforms) = postSolution
		{A369DD13-4FFE-452A-8CB1-D73647765841}.Debug|Any CPU.ActiveCfg = Debug|Any CPU
		{A369DD13-4FFE-452A-8CB1-D73647765841}.Debug|Any CPU.Build.0 = Debug|Any CPU
		{A369DD13-4FFE-452A-8CB1-D73647765841}.Release|Any CPU.ActiveCfg = Release|Any CPU
		{A369DD13-4FFE-452A-8CB1-D73647765841}.Release|Any CPU.Build.0 = Release|Any CPU
	EndGlobalSection
	GlobalSection(SolutionProperties) = preSolution
		HideSolutionNode = FALSE
	EndGlobalSection
	GlobalSection(ExtensibilityGlobals) = postSolution
		SolutionGuid = {B8E36FC3-AE19-4ADF-9A58-9DBD053C4119}
	EndGlobalSection
EndGlobal
