
Microsoft Visual Studio Solution File, Format Version 12.00
# Visual Studio Version 16
VisualStudioVersion = 16.0.32228.343
MinimumVisualStudioVersion = 10.0.40219.1
Project("{FAE04EC0-301F-11D3-BF4B-00C04F79EFBC}") = "Polymorphism", "Polymorphism\Polymorphism.csproj", "{06D4B955-9605-4C3C-843F-D773049A723C}"
EndProject
Global
	GlobalSection(SolutionConfigurationPlatforms) = preSolution
		Debug|Any CPU = Debug|Any CPU
		Release|Any CPU = Release|Any CPU
	EndGlobalSection
	GlobalSection(ProjectConfigurationPlatforms) = postSolution
		{06D4B955-9605-4C3C-843F-D773049A723C}.Debug|Any CPU.ActiveCfg = Debug|Any CPU
		{06D4B955-9605-4C3C-843F-D773049A723C}.Debug|Any CPU.Build.0 = Debug|Any CPU
		{06D4B955-9605-4C3C-843F-D773049A723C}.Release|Any CPU.ActiveCfg = Release|Any CPU
		{06D4B955-9605-4C3C-843F-D773049A723C}.Release|Any CPU.Build.0 = Release|Any CPU
	EndGlobalSection
	GlobalSection(SolutionProperties) = preSolution
		HideSolutionNode = FALSE
	EndGlobalSection
	GlobalSection(ExtensibilityGlobals) = postSolution
		SolutionGuid = {00C7C000-E0E6-46FC-9A55-E65CBEAC45CD}
	EndGlobalSection
EndGlobal
