
Microsoft Visual Studio Solution File, Format Version 12.00
# Visual Studio Version 16
VisualStudioVersion = 16.0.32228.343
MinimumVisualStudioVersion = 10.0.40219.1
Project("{FAE04EC0-301F-11D3-BF4B-00C04F79EFBC}") = "UnitTest1", "UnitTest1\UnitTest1.csproj", "{AA1D3E59-3A86-46E9-93C1-086A12770B2B}"
EndProject
Project("{FAE04EC0-301F-11D3-BF4B-00C04F79EFBC}") = "TestProject", "TestProject\TestProject.csproj", "{9F54212E-2FC6-4D4D-B70B-C445D28D3F71}"
EndProject
Global
	GlobalSection(SolutionConfigurationPlatforms) = preSolution
		Debug|Any CPU = Debug|Any CPU
		Release|Any CPU = Release|Any CPU
	EndGlobalSection
	GlobalSection(ProjectConfigurationPlatforms) = postSolution
		{AA1D3E59-3A86-46E9-93C1-086A12770B2B}.Debug|Any CPU.ActiveCfg = Debug|Any CPU
		{AA1D3E59-3A86-46E9-93C1-086A12770B2B}.Debug|Any CPU.Build.0 = Debug|Any CPU
		{AA1D3E59-3A86-46E9-93C1-086A12770B2B}.Release|Any CPU.ActiveCfg = Release|Any CPU
		{AA1D3E59-3A86-46E9-93C1-086A12770B2B}.Release|Any CPU.Build.0 = Release|Any CPU
		{9F54212E-2FC6-4D4D-B70B-C445D28D3F71}.Debug|Any CPU.ActiveCfg = Debug|Any CPU
		{9F54212E-2FC6-4D4D-B70B-C445D28D3F71}.Debug|Any CPU.Build.0 = Debug|Any CPU
		{9F54212E-2FC6-4D4D-B70B-C445D28D3F71}.Release|Any CPU.ActiveCfg = Release|Any CPU
		{9F54212E-2FC6-4D4D-B70B-C445D28D3F71}.Release|Any CPU.Build.0 = Release|Any CPU
	EndGlobalSection
	GlobalSection(SolutionProperties) = preSolution
		HideSolutionNode = FALSE
	EndGlobalSection
	GlobalSection(ExtensibilityGlobals) = postSolution
		SolutionGuid = {4C33EA6F-6E91-444F-8551-B7594800C370}
	EndGlobalSection
EndGlobal
